schema: '2.0'
stages:
  prepare:
    cmd: python src/prepare.py data/data.xml
    deps:
    - path: data/data.xml
      md5: 22a1a2931c8370d3aeedd7183606fd7f
      size: 14445097
    - path: src/prepare.py
      md5: f09ea0c15980b43010257ccb9f0055e2
      size: 1576
    params:
      params.yaml:
        prepare.seed: 20170428
        prepare.split: 0.2
    outs:
    - path: data/prepared
      md5: 153aad06d376b6595932470e459ef42a.dir
      size: 8437363
      nfiles: 2
  featurize:
    cmd: python src/featurization.py data/prepared data/features
    deps:
    - path: data/prepared
      md5: 153aad06d376b6595932470e459ef42a.dir
      size: 8437363
      nfiles: 2
    - path: src/featurization.py
      md5: e0265fc22f056a4b86d85c3056bc2894
      size: 2490
    params:
      params.yaml:
        featurize.max_features: 2000
        featurize.ngrams: 2
    outs:
    - path: data/features
      md5: ef75352b37aef1607d5d1e4b032248bd.dir
      size: 4765454
      nfiles: 2
  train:
    cmd: python src/train.py data/features model.pkl
    deps:
    - path: data/features
      md5: ef75352b37aef1607d5d1e4b032248bd.dir
      size: 4765454
      nfiles: 2
    - path: src/train.py
      md5: c3961d777cfbd7727f9fde4851896006
      size: 967
    params:
      params.yaml:
        train.min_split: 0.01
        train.n_est: 100
        train.seed: 20170428
    outs:
    - path: model.pkl
      md5: f79cd25f96dbdf2334b55190b9291e48
      size: 4245854
  evaluate:
    cmd: python src/evaluate.py model.pkl data/features
    deps:
    - path: data/features
      md5: ef75352b37aef1607d5d1e4b032248bd.dir
      size: 4765454
      nfiles: 2
    - path: model.pkl
      md5: f79cd25f96dbdf2334b55190b9291e48
      size: 4245854
    - path: src/evaluate.py
      md5: d33ed96974b05487ca0a85314c861dab
      size: 2678
    outs:
    - path: evaluation/metrics.json
      md5: 692794eec864d27df3b72d272005d030
      size: 73
    - path: evaluation/plots/importance.png
      md5: e5c1c07824de3402c2db7e3335260c09
      size: 33657
    - path: evaluation/plots/metrics
      md5: 3d8dd9e11365c101cd9bce8ed8272294.dir
      size: 69
      nfiles: 2
    - path: evaluation/plots/prc.json
      md5: ac7281eaf3c915383c2ee5eae0a21c8c
      size: 140946
    - path: evaluation/plots/sklearn/confusion_matrix.json
      md5: 0e9e785b2f74670faa8b03e15518fabd
      size: 122246
    - path: evaluation/plots/sklearn/roc.json
      md5: 696c79473371736d944b98d2edc9b26e
      size: 26498
